dependencies:
  chmorgan/esp-audio-player:
    dependencies: []
    source:
      path: /Users/pankaj/Desktop/DESKIMON/components/chmorgan__esp-audio-player
      type: local
    version: 1.0.7
  chmorgan/esp-libhelix-mp3:
    dependencies: []
    source:
      path: /Users/pankaj/Desktop/DESKIMON/components/chmorgan__esp-libhelix-mp3
      type: local
    version: 1.0.3
  espressif/esp-dsp:
    dependencies: []
    source:
      path: /Users/pankaj/Desktop/DESKIMON/components/espressif__esp-dsp
      type: local
    version: 1.4.12
  espressif/esp-sr:
    dependencies: []
    source:
      path: /Users/pankaj/Desktop/DESKIMON/components/espressif__esp-sr
      type: local
    version: 1.9.4
  espressif/esp_websocket_client:
    component_hash: 3fb288702517ef4d75bf933a115f1056ee0c2540d964f9e1d856e0bb67e1dfeb
    dependencies:
    - name: idf
      require: private
      version: '>=5.0'
    source:
      registry_url: https://components.espressif.com/
      type: service
    version: 1.7.0
  idf:
    source:
      type: idf
    version: 5.3.2
  lvgl/lvgl:
    dependencies: []
    source:
      path: /Users/pankaj/Desktop/DESKIMON/components/lvgl__lvgl
      type: local
    version: 8.3.11
direct_dependencies:
- chmorgan/esp-audio-player
- chmorgan/esp-libhelix-mp3
- espressif/esp-dsp
- espressif/esp-sr
- espressif/esp_websocket_client
- idf
- lvgl/lvgl
manifest_hash: e79228ce704ae5af57c0bf3f025560a64c9c5afc10bfecb105d2cffd20e6fc8d
target: esp32s3
version: 2.0.0
